{
  "meteor": {},
  "dependencies": {
    "basePackages": {
      "ngMeteor": {},
      "famono": {}
    },
    "packages": {
      "ngMeteor": {
        "git": "https://github.com/loneleeandroo/ngMeteor.git",
        "tag": "v0.1.22",
        "commit": "170d9309fe16d7d38bffc1a6ce42a379be27cdaa"
      },
      "famono": {
        "git": "https://github.com/raix/Meteor-famono.git",
        "tag": "v0.2.2",
        "commit": "33439a1a1ba001772a2d2b26db1825875ba64f90"
      }
    }
  }
}
